FORGE
  remote: https://forgeapi.puppetlabs.com
  specs:
    garethr-erlang (0.3.0)
      puppetlabs-apt (>= 0)
      puppetlabs-stdlib (>= 0)
      stahnma-epel (>= 0)
    puppet-staging (1.0.7)
    puppetlabs-apt (2.3.0)
      puppetlabs-stdlib (< 5.0.0, >= 4.5.0)
    puppetlabs-rabbitmq (5.6.0)
      puppet-staging (< 2.0.0, >= 0.3.1)
      puppetlabs-apt (< 3.0.0, >= 1.8.0)
      puppetlabs-stdlib (< 5.0.0, >= 3.0.0)
    puppetlabs-stdlib (4.13.1)
    stahnma-epel (1.2.2)
      puppetlabs-stdlib (>= 3.0.0)

DEPENDENCIES
  garethr-erlang (= 0.3.0)
  puppetlabs-rabbitmq (= 5.6.0)
  stahnma-epel (= 1.2.2)

